// !$*UTF8*$!
{
	archiveVersion = 1;
	classes = {
	};
	objectVersion = 50;
	objects = {

/* Begin PBXBuildFile section */
		F33F9EC52260318E002727CF /* Dashboard.swift in Headers */ = {isa = PBXBuildFile; fileRef = F35E883C225DF18A000C6E82 /* Dashboard.swift */; settings = {ATTRIBUTES = (Public, ); }; };
		F33F9EC62260318E002727CF /* Member.swift in Headers */ = {isa = PBXBuildFile; fileRef = F35E883F225DF1BD000C6E82 /* Member.swift */; settings = {ATTRIBUTES = (Public, ); }; };
		F33F9EC72260318E002727CF /* Constants.swift in Headers */ = {isa = PBXBuildFile; fileRef = F35E8841225DF1CE000C6E82 /* Constants.swift */; settings = {ATTRIBUTES = (Public, ); }; };
		F35E8830225DF162000C6E82 /* SDK.h in Headers */ = {isa = PBXBuildFile; fileRef = F35E8820225DF162000C6E82 /* SDK.h */; settings = {ATTRIBUTES = (Public, ); }; };
		F35E8833225DF162000C6E82 /* SDK.framework in Frameworks */ = {isa = PBXBuildFile; fileRef = F35E881E225DF162000C6E82 /* SDK.framework */; };
		F35E8834225DF162000C6E82 /* SDK.framework in Embed Frameworks */ = {isa = PBXBuildFile; fileRef = F35E881E225DF162000C6E82 /* SDK.framework */; settings = {ATTRIBUTES = (CodeSignOnCopy, RemoveHeadersOnCopy, ); }; };
		F35E883D225DF18A000C6E82 /* Dashboard.swift in Sources */ = {isa = PBXBuildFile; fileRef = F35E883C225DF18A000C6E82 /* Dashboard.swift */; };
		F35E8840225DF1BD000C6E82 /* Member.swift in Sources */ = {isa = PBXBuildFile; fileRef = F35E883F225DF1BD000C6E82 /* Member.swift */; };
		F35E8842225DF1CE000C6E82 /* Constants.swift in Sources */ = {isa = PBXBuildFile; fileRef = F35E8841225DF1CE000C6E82 /* Constants.swift */; };
		F35E8844225DF1DD000C6E82 /* Logger.swift in Sources */ = {isa = PBXBuildFile; fileRef = F35E8843225DF1DD000C6E82 /* Logger.swift */; };
		F37A0D06225DE7AB00FB67E1 /* AppDelegate.swift in Sources */ = {isa = PBXBuildFile; fileRef = F37A0D05225DE7AB00FB67E1 /* AppDelegate.swift */; };
		F37A0D08225DE7AB00FB67E1 /* ViewController.swift in Sources */ = {isa = PBXBuildFile; fileRef = F37A0D07225DE7AB00FB67E1 /* ViewController.swift */; };
		F37A0D0B225DE7AB00FB67E1 /* Main.storyboard in Resources */ = {isa = PBXBuildFile; fileRef = F37A0D09225DE7AB00FB67E1 /* Main.storyboard */; };
		F37A0D0D225DE7AD00FB67E1 /* Assets.xcassets in Resources */ = {isa = PBXBuildFile; fileRef = F37A0D0C225DE7AD00FB67E1 /* Assets.xcassets */; };
		F37A0D10225DE7AD00FB67E1 /* LaunchScreen.storyboard in Resources */ = {isa = PBXBuildFile; fileRef = F37A0D0E225DE7AD00FB67E1 /* LaunchScreen.storyboard */; };
/* End PBXBuildFile section */

/* Begin PBXContainerItemProxy section */
		F35E8831225DF162000C6E82 /* PBXContainerItemProxy */ = {
			isa = PBXContainerItemProxy;
			containerPortal = F37A0CFA225DE7AB00FB67E1 /* Project object */;
			proxyType = 1;
			remoteGlobalIDString = F35E881D225DF161000C6E82;
			remoteInfo = SDK;
		};
/* End PBXContainerItemProxy section */

/* Begin PBXCopyFilesBuildPhase section */
		F35E883A225DF162000C6E82 /* Embed Frameworks */ = {
			isa = PBXCopyFilesBuildPhase;
			buildActionMask = 2147483647;
			dstPath = "";
			dstSubfolderSpec = 10;
			files = (
				F35E8834225DF162000C6E82 /* SDK.framework in Embed Frameworks */,
			);
			name = "Embed Frameworks";
			runOnlyForDeploymentPostprocessing = 0;
		};
/* End PBXCopyFilesBuildPhase section */

/* Begin PBXFileReference section */
		F35E881E225DF162000C6E82 /* SDK.framework */ = {isa = PBXFileReference; explicitFileType = wrapper.framework; includeInIndex = 0; path = SDK.framework; sourceTree = BUILT_PRODUCTS_DIR; };
		F35E8820225DF162000C6E82 /* SDK.h */ = {isa = PBXFileReference; lastKnownFileType = sourcecode.c.h; path = SDK.h; sourceTree = "<group>"; };
		F35E8821225DF162000C6E82 /* Info.plist */ = {isa = PBXFileReference; lastKnownFileType = text.plist.xml; path = Info.plist; sourceTree = "<group>"; };
		F35E883C225DF18A000C6E82 /* Dashboard.swift */ = {isa = PBXFileReference; lastKnownFileType = sourcecode.swift; path = Dashboard.swift; sourceTree = "<group>"; };
		F35E883F225DF1BD000C6E82 /* Member.swift */ = {isa = PBXFileReference; lastKnownFileType = sourcecode.swift; path = Member.swift; sourceTree = "<group>"; };
		F35E8841225DF1CE000C6E82 /* Constants.swift */ = {isa = PBXFileReference; lastKnownFileType = sourcecode.swift; path = Constants.swift; sourceTree = "<group>"; };
		F35E8843225DF1DD000C6E82 /* Logger.swift */ = {isa = PBXFileReference; lastKnownFileType = sourcecode.swift; path = Logger.swift; sourceTree = "<group>"; };
		F37A0D02225DE7AB00FB67E1 /* SampleApp.app */ = {isa = PBXFileReference; explicitFileType = wrapper.application; includeInIndex = 0; path = SampleApp.app; sourceTree = BUILT_PRODUCTS_DIR; };
		F37A0D05225DE7AB00FB67E1 /* AppDelegate.swift */ = {isa = PBXFileReference; lastKnownFileType = sourcecode.swift; path = AppDelegate.swift; sourceTree = "<group>"; };
		F37A0D07225DE7AB00FB67E1 /* ViewController.swift */ = {isa = PBXFileReference; lastKnownFileType = sourcecode.swift; path = ViewController.swift; sourceTree = "<group>"; };
		F37A0D0A225DE7AB00FB67E1 /* Base */ = {isa = PBXFileReference; lastKnownFileType = file.storyboard; name = Base; path = Base.lproj/Main.storyboard; sourceTree = "<group>"; };
		F37A0D0C225DE7AD00FB67E1 /* Assets.xcassets */ = {isa = PBXFileReference; lastKnownFileType = folder.assetcatalog; path = Assets.xcassets; sourceTree = "<group>"; };
		F37A0D0F225DE7AD00FB67E1 /* Base */ = {isa = PBXFileReference; lastKnownFileType = file.storyboard; name = Base; path = Base.lproj/LaunchScreen.storyboard; sourceTree = "<group>"; };
		F37A0D11225DE7AD00FB67E1 /* Info.plist */ = {isa = PBXFileReference; lastKnownFileType = text.plist.xml; path = Info.plist; sourceTree = "<group>"; };
/* End PBXFileReference section */

/* Begin PBXFrameworksBuildPhase section */
		F35E881B225DF161000C6E82 /* Frameworks */ = {
			isa = PBXFrameworksBuildPhase;
			buildActionMask = 2147483647;
			files = (
			);
			runOnlyForDeploymentPostprocessing = 0;
		};
		F37A0CFF225DE7AB00FB67E1 /* Frameworks */ = {
			isa = PBXFrameworksBuildPhase;
			buildActionMask = 2147483647;
			files = (
				F35E8833225DF162000C6E82 /* SDK.framework in Frameworks */,
			);
			runOnlyForDeploymentPostprocessing = 0;
		};
/* End PBXFrameworksBuildPhase section */

/* Begin PBXGroup section */
		F35E881F225DF162000C6E82 /* SDK */ = {
			isa = PBXGroup;
			children = (
				F35E8820225DF162000C6E82 /* SDK.h */,
				F35E8821225DF162000C6E82 /* Info.plist */,
				F35E883C225DF18A000C6E82 /* Dashboard.swift */,
				F35E883F225DF1BD000C6E82 /* Member.swift */,
				F35E8841225DF1CE000C6E82 /* Constants.swift */,
				F35E8843225DF1DD000C6E82 /* Logger.swift */,
			);
			path = SDK;
			sourceTree = "<group>";
		};
		F37A0CF9225DE7AB00FB67E1 = {
			isa = PBXGroup;
			children = (
				F37A0D04225DE7AB00FB67E1 /* SampleApp */,
				F35E881F225DF162000C6E82 /* SDK */,
				F37A0D03225DE7AB00FB67E1 /* Products */,
			);
			sourceTree = "<group>";
		};
		F37A0D03225DE7AB00FB67E1 /* Products */ = {
			isa = PBXGroup;
			children = (
				F37A0D02225DE7AB00FB67E1 /* SampleApp.app */,
				F35E881E225DF162000C6E82 /* SDK.framework */,
			);
			name = Products;
			sourceTree = "<group>";
		};
		F37A0D04225DE7AB00FB67E1 /* SampleApp */ = {
			isa = PBXGroup;
			children = (
				F37A0D05225DE7AB00FB67E1 /* AppDelegate.swift */,
				F37A0D07225DE7AB00FB67E1 /* ViewController.swift */,
				F37A0D09225DE7AB00FB67E1 /* Main.storyboard */,
				F37A0D0C225DE7AD00FB67E1 /* Assets.xcassets */,
				F37A0D0E225DE7AD00FB67E1 /* LaunchScreen.storyboard */,
				F37A0D11225DE7AD00FB67E1 /* Info.plist */,
			);
			path = SampleApp;
			sourceTree = "<group>";
		};
/* End PBXGroup section */

/* Begin PBXHeadersBuildPhase section */
		F35E8819225DF161000C6E82 /* Headers */ = {
			isa = PBXHeadersBuildPhase;
			buildActionMask = 2147483647;
			files = (
				F35E8830225DF162000C6E82 /* SDK.h in Headers */,
				F33F9EC52260318E002727CF /* Dashboard.swift in Headers */,
				F33F9EC62260318E002727CF /* Member.swift in Headers */,
				F33F9EC72260318E002727CF /* Constants.swift in Headers */,
			);
			runOnlyForDeploymentPostprocessing = 0;
		};
/* End PBXHeadersBuildPhase section */

/* Begin PBXNativeTarget section */
		F35E881D225DF161000C6E82 /* SDK */ = {
			isa = PBXNativeTarget;
			buildConfigurationList = F35E8839225DF162000C6E82 /* Build configuration list for PBXNativeTarget "SDK" */;
			buildPhases = (
				F35E8819225DF161000C6E82 /* Headers */,
				F35E881A225DF161000C6E82 /* Sources */,
				F35E881B225DF161000C6E82 /* Frameworks */,
				F35E881C225DF161000C6E82 /* Resources */,
			);
			buildRules = (
			);
			dependencies = (
			);
			name = SDK;
			productName = SDK;
			productReference = F35E881E225DF162000C6E82 /* SDK.framework */;
			productType = "com.apple.product-type.framework";
		};
		F37A0D01225DE7AB00FB67E1 /* SampleApp */ = {
			isa = PBXNativeTarget;
			buildConfigurationList = F37A0D14225DE7AD00FB67E1 /* Build configuration list for PBXNativeTarget "SampleApp" */;
			buildPhases = (
				F37A0CFE225DE7AB00FB67E1 /* Sources */,
				F37A0CFF225DE7AB00FB67E1 /* Frameworks */,
				F37A0D00225DE7AB00FB67E1 /* Resources */,
				F35E883A225DF162000C6E82 /* Embed Frameworks */,
			);
			buildRules = (
			);
			dependencies = (
				F35E8832225DF162000C6E82 /* PBXTargetDependency */,
			);
			name = SampleApp;
			productName = SampleApp;
			productReference = F37A0D02225DE7AB00FB67E1 /* SampleApp.app */;
			productType = "com.apple.product-type.application";
		};
/* End PBXNativeTarget section */

/* Begin PBXProject section */
		F37A0CFA225DE7AB00FB67E1 /* Project object */ = {
			isa = PBXProject;
			attributes = {
				LastSwiftUpdateCheck = 1010;
				LastUpgradeCheck = 1010;
				ORGANIZATIONNAME = "Catherine Chen";
				TargetAttributes = {
					F35E881D225DF161000C6E82 = {
						CreatedOnToolsVersion = 10.1;
						LastSwiftMigration = 1010;
					};
					F37A0D01225DE7AB00FB67E1 = {
						CreatedOnToolsVersion = 10.1;
					};
				};
			};
			buildConfigurationList = F37A0CFD225DE7AB00FB67E1 /* Build configuration list for PBXProject "SampleApp" */;
			compatibilityVersion = "Xcode 9.3";
			developmentRegion = en;
			hasScannedForEncodings = 0;
			knownRegions = (
				en,
				Base,
			);
			mainGroup = F37A0CF9225DE7AB00FB67E1;
			productRefGroup = F37A0D03225DE7AB00FB67E1 /* Products */;
			projectDirPath = "";
			projectRoot = "";
			targets = (
				F37A0D01225DE7AB00FB67E1 /* SampleApp */,
				F35E881D225DF161000C6E82 /* SDK */,
			);
		};
/* End PBXProject section */

/* Begin PBXResourcesBuildPhase section */
		F35E881C225DF161000C6E82 /* Resources */ = {
			isa = PBXResourcesBuildPhase;
			buildActionMask = 2147483647;
			files = (
			);
			runOnlyForDeploymentPostprocessing = 0;
		};
		F37A0D00225DE7AB00FB67E1 /* Resources */ = {
			isa = PBXResourcesBuildPhase;
			buildActionMask = 2147483647;
			files = (
				F37A0D10225DE7AD00FB67E1 /* LaunchScreen.storyboard in Resources */,
				F37A0D0D225DE7AD00FB67E1 /* Assets.xcassets in Resources */,
				F37A0D0B225DE7AB00FB67E1 /* Main.storyboard in Resources */,
			);
			runOnlyForDeploymentPostprocessing = 0;
		};
/* End PBXResourcesBuildPhase section */

/* Begin PBXSourcesBuildPhase section */
		F35E881A225DF161000C6E82 /* Sources */ = {
			isa = PBXSourcesBuildPhase;
			buildActionMask = 2147483647;
			files = (
				F35E883D225DF18A000C6E82 /* Dashboard.swift in Sources */,
				F35E8840225DF1BD000C6E82 /* Member.swift in Sources */,
				F35E8842225DF1CE000C6E82 /* Constants.swift in Sources */,
				F35E8844225DF1DD000C6E82 /* Logger.swift in Sources */,
			);
			runOnlyForDeploymentPostprocessing = 0;
		};
		F37A0CFE225DE7AB00FB67E1 /* Sources */ = {
			isa = PBXSourcesBuildPhase;
			buildActionMask = 2147483647;
			files = (
				F37A0D08225DE7AB00FB67E1 /* ViewController.swift in Sources */,
				F37A0D06225DE7AB00FB67E1 /* AppDelegate.swift in Sources */,
			);
			runOnlyForDeploymentPostprocessing = 0;
		};
/* End PBXSourcesBuildPhase section */

/* Begin PBXTargetDependency section */
		F35E8832225DF162000C6E82 /* PBXTargetDependency */ = {
			isa = PBXTargetDependency;
			target = F35E881D225DF161000C6E82 /* SDK */;
			targetProxy = F35E8831225DF162000C6E82 /* PBXContainerItemProxy */;
		};
/* End PBXTargetDependency section */

/* Begin PBXVariantGroup section */
		F37A0D09225DE7AB00FB67E1 /* Main.storyboard */ = {
			isa = PBXVariantGroup;
			children = (
				F37A0D0A225DE7AB00FB67E1 /* Base */,
			);
			name = Main.storyboard;
			sourceTree = "<group>";
		};
		F37A0D0E225DE7AD00FB67E1 /* LaunchScreen.storyboard */ = {
			isa = PBXVariantGroup;
			children = (
				F37A0D0F225DE7AD00FB67E1 /* Base */,
			);
			name = LaunchScreen.storyboard;
			sourceTree = "<group>";
		};
/* End PBXVariantGroup section */

/* Begin XCBuildConfiguration section */
		F35E8835225DF162000C6E82 /* Debug */ = {
			isa = XCBuildConfiguration;
			buildSettings = {
				ARCHS = "$(ARCHS_STANDARD)";
				CLANG_ENABLE_MODULES = YES;
				CODE_SIGN_IDENTITY = "";
				CODE_SIGN_STYLE = Automatic;
				COPY_PHASE_STRIP = NO;
				CURRENT_PROJECT_VERSION = 1;
				DEAD_CODE_STRIPPING = NO;
				DEFINES_MODULE = YES;
				DYLIB_COMPATIBILITY_VERSION = 1;
				DYLIB_CURRENT_VERSION = 1;
				DYLIB_INSTALL_NAME_BASE = "@rpath";
				INFOPLIST_FILE = SDK/Info.plist;
				INSTALL_PATH = "$(LOCAL_LIBRARY_DIR)/Frameworks";
				LD_RUNPATH_SEARCH_PATHS = (
					"$(inherited)",
					"@executable_path/Frameworks",
					"@loader_path/Frameworks",
				);
				LINK_WITH_STANDARD_LIBRARIES = NO;
				MACH_O_TYPE = staticlib;
				ONLY_ACTIVE_ARCH = NO;
				PRODUCT_BUNDLE_IDENTIFIER = com.CBB.SDK;
				PRODUCT_NAME = "$(TARGET_NAME:c99extidentifier)";
				SKIP_INSTALL = YES;
				STRIP_INSTALLED_PRODUCT = YES;
				SWIFT_OPTIMIZATION_LEVEL = "-Onone";
				SWIFT_VERSION = 4.2;
				TARGETED_DEVICE_FAMILY = "1,2";
				VERSIONING_SYSTEM = "apple-generic";
				VERSION_INFO_PREFIX = "";
			};
			name = Debug;
		};
		F35E8836225DF162000C6E82 /* Release */ = {
			isa = XCBuildConfiguration;
			buildSettings = {
				ARCHS = "$(ARCHS_STANDARD)";
				CLANG_ENABLE_MODULES = YES;
				CODE_SIGN_IDENTITY = "";
				CODE_SIGN_STYLE = Automatic;
				COPY_PHASE_STRIP = NO;
				CURRENT_PROJECT_VERSION = 1;
				DEAD_CODE_STRIPPING = NO;
				DEFINES_MODULE = YES;
				DYLIB_COMPATIBILITY_VERSION = 1;
				DYLIB_CURRENT_VERSION = 1;
				DYLIB_INSTALL_NAME_BASE = "@rpath";
				INFOPLIST_FILE = SDK/Info.plist;
				INSTALL_PATH = "$(LOCAL_LIBRARY_DIR)/Frameworks";
				LD_RUNPATH_SEARCH_PATHS = (
					"$(inherited)",
					"@executable_path/Frameworks",
					"@loader_path/Frameworks",
				);
				LINK_WITH_STANDARD_LIBRARIES = NO;
				MACH_O_TYPE = staticlib;
				ONLY_ACTIVE_ARCH = NO;
				PRODUCT_BUNDLE_IDENTIFIER = com.CBB.SDK;
				PRODUCT_NAME = "$(TARGET_NAME:c99extidentifier)";
				SKIP_INSTALL = YES;
				STRIP_INSTALLED_PRODUCT = YES;
				SWIFT_VERSION = 4.2;
				TARGETED_DEVICE_FAMILY = "1,2";
				VERSIONING_SYSTEM = "apple-generic";
				VERSION_INFO_PREFIX = "";
			};
			name = Release;
		};
		F37A0D12225DE7AD00FB67E1 /* Debug */ = {
			isa = XCBuildConfiguration;
			buildSettings = {
				ALWAYS_SEARCH_USER_PATHS = NO;
				CLANG_ANALYZER_NONNULL = YES;
				CLANG_ANALYZER_NUMBER_OBJECT_CONVERSION = YES_AGGRESSIVE;
				CLANG_CXX_LANGUAGE_STANDARD = "gnu++14";
				CLANG_CXX_LIBRARY = "libc++";
				CLANG_ENABLE_MODULES = YES;
				CLANG_ENABLE_OBJC_ARC = YES;
				CLANG_ENABLE_OBJC_WEAK = YES;
				CLANG_WARN_BLOCK_CAPTURE_AUTORELEASING = YES;
				CLANG_WARN_BOOL_CONVERSION = YES;
				CLANG_WARN_COMMA = YES;
				CLANG_WARN_CONSTANT_CONVERSION = YES;
				CLANG_WARN_DEPRECATED_OBJC_IMPLEMENTATIONS = YES;
				CLANG_WARN_DIRECT_OBJC_ISA_USAGE = YES_ERROR;
				CLANG_WARN_DOCUMENTATION_COMMENTS = YES;
				CLANG_WARN_EMPTY_BODY = YES;
				CLANG_WARN_ENUM_CONVERSION = YES;
				CLANG_WARN_INFINITE_RECURSION = YES;
				CLANG_WARN_INT_CONVERSION = YES;
				CLANG_WARN_NON_LITERAL_NULL_CONVERSION = YES;
				CLANG_WARN_OBJC_IMPLICIT_RETAIN_SELF = YES;
				CLANG_WARN_OBJC_LITERAL_CONVERSION = YES;
				CLANG_WARN_OBJC_ROOT_CLASS = YES_ERROR;
				CLANG_WARN_RANGE_LOOP_ANALYSIS = YES;
				CLANG_WARN_STRICT_PROTOTYPES = YES;
				CLANG_WARN_SUSPICIOUS_MOVE = YES;
				CLANG_WARN_UNGUARDED_AVAILABILITY = YES_AGGRESSIVE;
				CLANG_WARN_UNREACHABLE_CODE = YES;
				CLANG_WARN__DUPLICATE_METHOD_MATCH = YES;
				CODE_SIGN_IDENTITY = "iPhone Developer";
				COPY_PHASE_STRIP = NO;
				DEBUG_INFORMATION_FORMAT = dwarf;
				ENABLE_STRICT_OBJC_MSGSEND = YES;
				ENABLE_TESTABILITY = YES;
				GCC_C_LANGUAGE_STANDARD = gnu11;
				GCC_DYNAMIC_NO_PIC = NO;
				GCC_NO_COMMON_BLOCKS = YES;
				GCC_OPTIMIZATION_LEVEL = 0;
				GCC_PREPROCESSOR_DEFINITIONS = (
					"DEBUG=1",
					"$(inherited)",
				);
				GCC_WARN_64_TO_32_BIT_CONVERSION = YES;
				GCC_WARN_ABOUT_RETURN_TYPE = YES_ERROR;
				GCC_WARN_UNDECLARED_SELECTOR = YES;
				GCC_WARN_UNINITIALIZED_AUTOS = YES_AGGRESSIVE;
				GCC_WARN_UNUSED_FUNCTION = YES;
				GCC_WARN_UNUSED_VARIABLE = YES;
				IPHONEOS_DEPLOYMENT_TARGET = 12.1;
				MTL_ENABLE_DEBUG_INFO = INCLUDE_SOURCE;
				MTL_FAST_MATH = YES;
				ONLY_ACTIVE_ARCH = YES;
				SDKROOT = iphoneos;
				SWIFT_ACTIVE_COMPILATION_CONDITIONS = DEBUG;
				SWIFT_OPTIMIZATION_LEVEL = "-Onone";
			};
			name = Debug;
		};
		F37A0D13225DE7AD00FB67E1 /* Release */ = {
			isa = XCBuildConfiguration;
			buildSettings = {
				ALWAYS_SEARCH_USER_PATHS = NO;
				CLANG_ANALYZER_NONNULL = YES;
				CLANG_ANALYZER_NUMBER_OBJECT_CONVERSION = YES_AGGRESSIVE;
				CLANG_CXX_LANGUAGE_STANDARD = "gnu++14";
				CLANG_CXX_LIBRARY = "libc++";
				CLANG_ENABLE_MODULES = YES;
				CLANG_ENABLE_OBJC_ARC = YES;
				CLANG_ENABLE_OBJC_WEAK = YES;
				CLANG_WARN_BLOCK_CAPTURE_AUTORELEASING = YES;
				CLANG_WARN_BOOL_CONVERSION = YES;
				CLANG_WARN_COMMA = YES;
				CLANG_WARN_CONSTANT_CONVERSION = YES;
				CLANG_WARN_DEPRECATED_OBJC_IMPLEMENTATIONS = YES;
				CLANG_WARN_DIRECT_OBJC_ISA_USAGE = YES_ERROR;
				CLANG_WARN_DOCUMENTATION_COMMENTS = YES;
				CLANG_WARN_EMPTY_BODY = YES;
				CLANG_WARN_ENUM_CONVERSION = YES;
				CLANG_WARN_INFINITE_RECURSION = YES;
				CLANG_WARN_INT_CONVERSION = YES;
				CLANG_WARN_NON_LITERAL_NULL_CONVERSION = YES;
				CLANG_WARN_OBJC_IMPLICIT_RETAIN_SELF = YES;
				CLANG_WARN_OBJC_LITERAL_CONVERSION = YES;
				CLANG_WARN_OBJC_ROOT_CLASS = YES_ERROR;
				CLANG_WARN_RANGE_LOOP_ANALYSIS = YES;
				CLANG_WARN_STRICT_PROTOTYPES = YES;
				CLANG_WARN_SUSPICIOUS_MOVE = YES;
				CLANG_WARN_UNGUARDED_AVAILABILITY = YES_AGGRESSIVE;
				CLANG_WARN_UNREACHABLE_CODE = YES;
				CLANG_WARN__DUPLICATE_METHOD_MATCH = YES;
				CODE_SIGN_IDENTITY = "iPhone Developer";
				COPY_PHASE_STRIP = NO;
				DEBUG_INFORMATION_FORMAT = "dwarf-with-dsym";
				ENABLE_NS_ASSERTIONS = NO;
				ENABLE_STRICT_OBJC_MSGSEND = YES;
				GCC_C_LANGUAGE_STANDARD = gnu11;
				GCC_NO_COMMON_BLOCKS = YES;
				GCC_WARN_64_TO_32_BIT_CONVERSION = YES;
				GCC_WARN_ABOUT_RETURN_TYPE = YES_ERROR;
				GCC_WARN_UNDECLARED_SELECTOR = YES;
				GCC_WARN_UNINITIALIZED_AUTOS = YES_AGGRESSIVE;
				GCC_WARN_UNUSED_FUNCTION = YES;
				GCC_WARN_UNUSED_VARIABLE = YES;
				IPHONEOS_DEPLOYMENT_TARGET = 12.1;
				MTL_ENABLE_DEBUG_INFO = NO;
				MTL_FAST_MATH = YES;
				SDKROOT = iphoneos;
				SWIFT_COMPILATION_MODE = wholemodule;
				SWIFT_OPTIMIZATION_LEVEL = "-O";
				VALIDATE_PRODUCT = YES;
			};
			name = Release;
		};
		F37A0D15225DE7AD00FB67E1 /* Debug */ = {
			isa = XCBuildConfiguration;
			buildSettings = {
				ALWAYS_EMBED_SWIFT_STANDARD_LIBRARIES = YES;
				ASSETCATALOG_COMPILER_APPICON_NAME = AppIcon;
				CODE_SIGN_STYLE = Automatic;
				INFOPLIST_FILE = SampleApp/Info.plist;
				LD_RUNPATH_SEARCH_PATHS = (
					"$(inherited)",
					"@executable_path/Frameworks",
				);
				PRODUCT_BUNDLE_IDENTIFIER = com.CBB.SampleApp;
				PRODUCT_NAME = "$(TARGET_NAME)";
				SWIFT_VERSION = 4.2;
				TARGETED_DEVICE_FAMILY = "1,2";
			};
			name = Debug;
		};
		F37A0D16225DE7AD00FB67E1 /* Release */ = {
			isa = XCBuildConfiguration;
			buildSettings = {
				ALWAYS_EMBED_SWIFT_STANDARD_LIBRARIES = YES;
				ASSETCATALOG_COMPILER_APPICON_NAME = AppIcon;
				CODE_SIGN_STYLE = Automatic;
				INFOPLIST_FILE = SampleApp/Info.plist;
				LD_RUNPATH_SEARCH_PATHS = (
					"$(inherited)",
					"@executable_path/Frameworks",
				);
				PRODUCT_BUNDLE_IDENTIFIER = com.CBB.SampleApp;
				PRODUCT_NAME = "$(TARGET_NAME)";
				SWIFT_VERSION = 4.2;
				TARGETED_DEVICE_FAMILY = "1,2";
			};
			name = Release;
		};
/* End XCBuildConfiguration section */

/* Begin XCConfigurationList section */
		F35E8839225DF162000C6E82 /* Build configuration list for PBXNativeTarget "SDK" */ = {
			isa = XCConfigurationList;
			buildConfigurations = (
				F35E8835225DF162000C6E82 /* Debug */,
				F35E8836225DF162000C6E82 /* Release */,
			);
			defaultConfigurationIsVisible = 0;
			defaultConfigurationName = Release;
		};
		F37A0CFD225DE7AB00FB67E1 /* Build configuration list for PBXProject "SampleApp" */ = {
			isa = XCConfigurationList;
			buildConfigurations = (
				F37A0D12225DE7AD00FB67E1 /* Debug */,
				F37A0D13225DE7AD00FB67E1 /* Release */,
			);
			defaultConfigurationIsVisible = 0;
			defaultConfigurationName = Release;
		};
		F37A0D14225DE7AD00FB67E1 /* Build configuration list for PBXNativeTarget "SampleApp" */ = {
			isa = XCConfigurationList;
			buildConfigurations = (
				F37A0D15225DE7AD00FB67E1 /* Debug */,
				F37A0D16225DE7AD00FB67E1 /* Release */,
			);
			defaultConfigurationIsVisible = 0;
			defaultConfigurationName = Release;
		};
/* End XCConfigurationList section */
	};
	rootObject = F37A0CFA225DE7AB00FB67E1 /* Project object */;
}
