PODS:
  - Alamofire (4.8.1)
  - SwiftyJSON (4.2.0)

DEPENDENCIES:
  - Alamofire
  - SwiftyJSON

SPEC REPOS:
  https://github.com/cocoapods/specs.git:
    - Alamofire
    - SwiftyJSON

SPEC CHECKSUMS:
  Alamofire: 16ce2c353fb72865124ddae8a57c5942388f4f11
  SwiftyJSON: c4bcba26dd9ec7a027fc8eade48e2c911f229e96

PODFILE CHECKSUM: 10f932ce0dbe3bfa8e2168549a12ffeb48d3fae5

COCOAPODS: 1.5.3
