// !$*UTF8*$!
{
	archiveVersion = 1;
	classes = {
	};
	objectVersion = 50;
	objects = {

/* Begin PBXBuildFile section */
		F322CAB321D3727D0051E9F1 /* AppDelegate.swift in Sources */ = {isa = PBXBuildFile; fileRef = F322CAB221D3727D0051E9F1 /* AppDelegate.swift */; };
		F322CAB821D3727D0051E9F1 /* Main.storyboard in Resources */ = {isa = PBXBuildFile; fileRef = F322CAB621D3727D0051E9F1 /* Main.storyboard */; };
		F322CABA21D372800051E9F1 /* Assets.xcassets in Resources */ = {isa = PBXBuildFile; fileRef = F322CAB921D372800051E9F1 /* Assets.xcassets */; };
		F322CABD21D372800051E9F1 /* LaunchScreen.storyboard in Resources */ = {isa = PBXBuildFile; fileRef = F322CABB21D372800051E9F1 /* LaunchScreen.storyboard */; };
		F322CAC821D3735E0051E9F1 /* TodoListViewController.swift in Sources */ = {isa = PBXBuildFile; fileRef = F322CAC721D3735E0051E9F1 /* TodoListViewController.swift */; };
		F322CACA21D373830051E9F1 /* CategoryTableViewController.swift in Sources */ = {isa = PBXBuildFile; fileRef = F322CAC921D373830051E9F1 /* CategoryTableViewController.swift */; };
		F322CACC21D373A60051E9F1 /* SelectedCategory.swift in Sources */ = {isa = PBXBuildFile; fileRef = F322CACB21D373A60051E9F1 /* SelectedCategory.swift */; };
		F322CACF21D37E990051E9F1 /* DataModel.xcdatamodeld in Sources */ = {isa = PBXBuildFile; fileRef = F322CACD21D37E990051E9F1 /* DataModel.xcdatamodeld */; };
/* End PBXBuildFile section */

/* Begin PBXFileReference section */
		F322CAAF21D3727D0051E9F1 /* TodoeyWithRealm.app */ = {isa = PBXFileReference; explicitFileType = wrapper.application; includeInIndex = 0; path = TodoeyWithRealm.app; sourceTree = BUILT_PRODUCTS_DIR; };
		F322CAB221D3727D0051E9F1 /* AppDelegate.swift */ = {isa = PBXFileReference; lastKnownFileType = sourcecode.swift; path = AppDelegate.swift; sourceTree = "<group>"; };
		F322CAB721D3727D0051E9F1 /* Base */ = {isa = PBXFileReference; lastKnownFileType = file.storyboard; name = Base; path = Base.lproj/Main.storyboard; sourceTree = "<group>"; };
		F322CAB921D372800051E9F1 /* Assets.xcassets */ = {isa = PBXFileReference; lastKnownFileType = folder.assetcatalog; path = Assets.xcassets; sourceTree = "<group>"; };
		F322CABC21D372800051E9F1 /* Base */ = {isa = PBXFileReference; lastKnownFileType = file.storyboard; name = Base; path = Base.lproj/LaunchScreen.storyboard; sourceTree = "<group>"; };
		F322CABE21D372800051E9F1 /* Info.plist */ = {isa = PBXFileReference; lastKnownFileType = text.plist.xml; path = Info.plist; sourceTree = "<group>"; };
		F322CAC721D3735E0051E9F1 /* TodoListViewController.swift */ = {isa = PBXFileReference; lastKnownFileType = sourcecode.swift; path = TodoListViewController.swift; sourceTree = "<group>"; };
		F322CAC921D373830051E9F1 /* CategoryTableViewController.swift */ = {isa = PBXFileReference; lastKnownFileType = sourcecode.swift; path = CategoryTableViewController.swift; sourceTree = "<group>"; };
		F322CACB21D373A60051E9F1 /* SelectedCategory.swift */ = {isa = PBXFileReference; lastKnownFileType = sourcecode.swift; path = SelectedCategory.swift; sourceTree = "<group>"; };
		F322CACE21D37E990051E9F1 /* DataModel.xcdatamodel */ = {isa = PBXFileReference; lastKnownFileType = wrapper.xcdatamodel; path = DataModel.xcdatamodel; sourceTree = "<group>"; };
/* End PBXFileReference section */

/* Begin PBXFrameworksBuildPhase section */
		F322CAAC21D3727D0051E9F1 /* Frameworks */ = {
			isa = PBXFrameworksBuildPhase;
			buildActionMask = 2147483647;
			files = (
			);
			runOnlyForDeploymentPostprocessing = 0;
		};
/* End PBXFrameworksBuildPhase section */

/* Begin PBXGroup section */
		F322CAA621D3727D0051E9F1 = {
			isa = PBXGroup;
			children = (
				F322CAB121D3727D0051E9F1 /* TodoeyWithRealm */,
				F322CAB021D3727D0051E9F1 /* Products */,
			);
			sourceTree = "<group>";
		};
		F322CAB021D3727D0051E9F1 /* Products */ = {
			isa = PBXGroup;
			children = (
				F322CAAF21D3727D0051E9F1 /* TodoeyWithRealm.app */,
			);
			name = Products;
			sourceTree = "<group>";
		};
		F322CAB121D3727D0051E9F1 /* TodoeyWithRealm */ = {
			isa = PBXGroup;
			children = (
				F322CAC621D3730B0051E9F1 /* Data Model */,
				F322CAC521D372F50051E9F1 /* Controllers */,
				F322CAC421D372E10051E9F1 /* Views */,
				F322CAB221D3727D0051E9F1 /* AppDelegate.swift */,
				F322CAB921D372800051E9F1 /* Assets.xcassets */,
				F322CABB21D372800051E9F1 /* LaunchScreen.storyboard */,
				F322CABE21D372800051E9F1 /* Info.plist */,
			);
			path = TodoeyWithRealm;
			sourceTree = "<group>";
		};
		F322CAC421D372E10051E9F1 /* Views */ = {
			isa = PBXGroup;
			children = (
				F322CAB621D3727D0051E9F1 /* Main.storyboard */,
			);
			path = Views;
			sourceTree = "<group>";
		};
		F322CAC521D372F50051E9F1 /* Controllers */ = {
			isa = PBXGroup;
			children = (
				F322CAC721D3735E0051E9F1 /* TodoListViewController.swift */,
				F322CAC921D373830051E9F1 /* CategoryTableViewController.swift */,
			);
			path = Controllers;
			sourceTree = "<group>";
		};
		F322CAC621D3730B0051E9F1 /* Data Model */ = {
			isa = PBXGroup;
			children = (
				F322CACB21D373A60051E9F1 /* SelectedCategory.swift */,
				F322CACD21D37E990051E9F1 /* DataModel.xcdatamodeld */,
			);
			path = "Data Model";
			sourceTree = "<group>";
		};
/* End PBXGroup section */

/* Begin PBXNativeTarget section */
		F322CAAE21D3727D0051E9F1 /* TodoeyWithRealm */ = {
			isa = PBXNativeTarget;
			buildConfigurationList = F322CAC121D372800051E9F1 /* Build configuration list for PBXNativeTarget "TodoeyWithRealm" */;
			buildPhases = (
				F322CAAB21D3727D0051E9F1 /* Sources */,
				F322CAAC21D3727D0051E9F1 /* Frameworks */,
				F322CAAD21D3727D0051E9F1 /* Resources */,
			);
			buildRules = (
			);
			dependencies = (
			);
			name = TodoeyWithRealm;
			productName = TodoeyWithRealm;
			productReference = F322CAAF21D3727D0051E9F1 /* TodoeyWithRealm.app */;
			productType = "com.apple.product-type.application";
		};
/* End PBXNativeTarget section */

/* Begin PBXProject section */
		F322CAA721D3727D0051E9F1 /* Project object */ = {
			isa = PBXProject;
			attributes = {
				LastSwiftUpdateCheck = 1010;
				LastUpgradeCheck = 1010;
				ORGANIZATIONNAME = "Catherine Chen";
				TargetAttributes = {
					F322CAAE21D3727D0051E9F1 = {
						CreatedOnToolsVersion = 10.1;
					};
				};
			};
			buildConfigurationList = F322CAAA21D3727D0051E9F1 /* Build configuration list for PBXProject "TodoeyWithRealm" */;
			compatibilityVersion = "Xcode 9.3";
			developmentRegion = en;
			hasScannedForEncodings = 0;
			knownRegions = (
				en,
				Base,
			);
			mainGroup = F322CAA621D3727D0051E9F1;
			productRefGroup = F322CAB021D3727D0051E9F1 /* Products */;
			projectDirPath = "";
			projectRoot = "";
			targets = (
				F322CAAE21D3727D0051E9F1 /* TodoeyWithRealm */,
			);
		};
/* End PBXProject section */

/* Begin PBXResourcesBuildPhase section */
		F322CAAD21D3727D0051E9F1 /* Resources */ = {
			isa = PBXResourcesBuildPhase;
			buildActionMask = 2147483647;
			files = (
				F322CABD21D372800051E9F1 /* LaunchScreen.storyboard in Resources */,
				F322CABA21D372800051E9F1 /* Assets.xcassets in Resources */,
				F322CAB821D3727D0051E9F1 /* Main.storyboard in Resources */,
			);
			runOnlyForDeploymentPostprocessing = 0;
		};
/* End PBXResourcesBuildPhase section */

/* Begin PBXSourcesBuildPhase section */
		F322CAAB21D3727D0051E9F1 /* Sources */ = {
			isa = PBXSourcesBuildPhase;
			buildActionMask = 2147483647;
			files = (
				F322CACC21D373A60051E9F1 /* SelectedCategory.swift in Sources */,
				F322CACF21D37E990051E9F1 /* DataModel.xcdatamodeld in Sources */,
				F322CAC821D3735E0051E9F1 /* TodoListViewController.swift in Sources */,
				F322CAB321D3727D0051E9F1 /* AppDelegate.swift in Sources */,
				F322CACA21D373830051E9F1 /* CategoryTableViewController.swift in Sources */,
			);
			runOnlyForDeploymentPostprocessing = 0;
		};
/* End PBXSourcesBuildPhase section */

/* Begin PBXVariantGroup section */
		F322CAB621D3727D0051E9F1 /* Main.storyboard */ = {
			isa = PBXVariantGroup;
			children = (
				F322CAB721D3727D0051E9F1 /* Base */,
			);
			name = Main.storyboard;
			sourceTree = "<group>";
		};
		F322CABB21D372800051E9F1 /* LaunchScreen.storyboard */ = {
			isa = PBXVariantGroup;
			children = (
				F322CABC21D372800051E9F1 /* Base */,
			);
			name = LaunchScreen.storyboard;
			sourceTree = "<group>";
		};
/* End PBXVariantGroup section */

/* Begin XCBuildConfiguration section */
		F322CABF21D372800051E9F1 /* Debug */ = {
			isa = XCBuildConfiguration;
			buildSettings = {
				ALWAYS_SEARCH_USER_PATHS = NO;
				CLANG_ANALYZER_NONNULL = YES;
				CLANG_ANALYZER_NUMBER_OBJECT_CONVERSION = YES_AGGRESSIVE;
				CLANG_CXX_LANGUAGE_STANDARD = "gnu++14";
				CLANG_CXX_LIBRARY = "libc++";
				CLANG_ENABLE_MODULES = YES;
				CLANG_ENABLE_OBJC_ARC = YES;
				CLANG_ENABLE_OBJC_WEAK = YES;
				CLANG_WARN_BLOCK_CAPTURE_AUTORELEASING = YES;
				CLANG_WARN_BOOL_CONVERSION = YES;
				CLANG_WARN_COMMA = YES;
				CLANG_WARN_CONSTANT_CONVERSION = YES;
				CLANG_WARN_DEPRECATED_OBJC_IMPLEMENTATIONS = YES;
				CLANG_WARN_DIRECT_OBJC_ISA_USAGE = YES_ERROR;
				CLANG_WARN_DOCUMENTATION_COMMENTS = YES;
				CLANG_WARN_EMPTY_BODY = YES;
				CLANG_WARN_ENUM_CONVERSION = YES;
				CLANG_WARN_INFINITE_RECURSION = YES;
				CLANG_WARN_INT_CONVERSION = YES;
				CLANG_WARN_NON_LITERAL_NULL_CONVERSION = YES;
				CLANG_WARN_OBJC_IMPLICIT_RETAIN_SELF = YES;
				CLANG_WARN_OBJC_LITERAL_CONVERSION = YES;
				CLANG_WARN_OBJC_ROOT_CLASS = YES_ERROR;
				CLANG_WARN_RANGE_LOOP_ANALYSIS = YES;
				CLANG_WARN_STRICT_PROTOTYPES = YES;
				CLANG_WARN_SUSPICIOUS_MOVE = YES;
				CLANG_WARN_UNGUARDED_AVAILABILITY = YES_AGGRESSIVE;
				CLANG_WARN_UNREACHABLE_CODE = YES;
				CLANG_WARN__DUPLICATE_METHOD_MATCH = YES;
				CODE_SIGN_IDENTITY = "iPhone Developer";
				COPY_PHASE_STRIP = NO;
				DEBUG_INFORMATION_FORMAT = dwarf;
				ENABLE_STRICT_OBJC_MSGSEND = YES;
				ENABLE_TESTABILITY = YES;
				GCC_C_LANGUAGE_STANDARD = gnu11;
				GCC_DYNAMIC_NO_PIC = NO;
				GCC_NO_COMMON_BLOCKS = YES;
				GCC_OPTIMIZATION_LEVEL = 0;
				GCC_PREPROCESSOR_DEFINITIONS = (
					"DEBUG=1",
					"$(inherited)",
				);
				GCC_WARN_64_TO_32_BIT_CONVERSION = YES;
				GCC_WARN_ABOUT_RETURN_TYPE = YES_ERROR;
				GCC_WARN_UNDECLARED_SELECTOR = YES;
				GCC_WARN_UNINITIALIZED_AUTOS = YES_AGGRESSIVE;
				GCC_WARN_UNUSED_FUNCTION = YES;
				GCC_WARN_UNUSED_VARIABLE = YES;
				IPHONEOS_DEPLOYMENT_TARGET = 12.1;
				MTL_ENABLE_DEBUG_INFO = INCLUDE_SOURCE;
				MTL_FAST_MATH = YES;
				ONLY_ACTIVE_ARCH = YES;
				SDKROOT = iphoneos;
				SWIFT_ACTIVE_COMPILATION_CONDITIONS = DEBUG;
				SWIFT_OPTIMIZATION_LEVEL = "-Onone";
			};
			name = Debug;
		};
		F322CAC021D372800051E9F1 /* Release */ = {
			isa = XCBuildConfiguration;
			buildSettings = {
				ALWAYS_SEARCH_USER_PATHS = NO;
				CLANG_ANALYZER_NONNULL = YES;
				CLANG_ANALYZER_NUMBER_OBJECT_CONVERSION = YES_AGGRESSIVE;
				CLANG_CXX_LANGUAGE_STANDARD = "gnu++14";
				CLANG_CXX_LIBRARY = "libc++";
				CLANG_ENABLE_MODULES = YES;
				CLANG_ENABLE_OBJC_ARC = YES;
				CLANG_ENABLE_OBJC_WEAK = YES;
				CLANG_WARN_BLOCK_CAPTURE_AUTORELEASING = YES;
				CLANG_WARN_BOOL_CONVERSION = YES;
				CLANG_WARN_COMMA = YES;
				CLANG_WARN_CONSTANT_CONVERSION = YES;
				CLANG_WARN_DEPRECATED_OBJC_IMPLEMENTATIONS = YES;
				CLANG_WARN_DIRECT_OBJC_ISA_USAGE = YES_ERROR;
				CLANG_WARN_DOCUMENTATION_COMMENTS = YES;
				CLANG_WARN_EMPTY_BODY = YES;
				CLANG_WARN_ENUM_CONVERSION = YES;
				CLANG_WARN_INFINITE_RECURSION = YES;
				CLANG_WARN_INT_CONVERSION = YES;
				CLANG_WARN_NON_LITERAL_NULL_CONVERSION = YES;
				CLANG_WARN_OBJC_IMPLICIT_RETAIN_SELF = YES;
				CLANG_WARN_OBJC_LITERAL_CONVERSION = YES;
				CLANG_WARN_OBJC_ROOT_CLASS = YES_ERROR;
				CLANG_WARN_RANGE_LOOP_ANALYSIS = YES;
				CLANG_WARN_STRICT_PROTOTYPES = YES;
				CLANG_WARN_SUSPICIOUS_MOVE = YES;
				CLANG_WARN_UNGUARDED_AVAILABILITY = YES_AGGRESSIVE;
				CLANG_WARN_UNREACHABLE_CODE = YES;
				CLANG_WARN__DUPLICATE_METHOD_MATCH = YES;
				CODE_SIGN_IDENTITY = "iPhone Developer";
				COPY_PHASE_STRIP = NO;
				DEBUG_INFORMATION_FORMAT = "dwarf-with-dsym";
				ENABLE_NS_ASSERTIONS = NO;
				ENABLE_STRICT_OBJC_MSGSEND = YES;
				GCC_C_LANGUAGE_STANDARD = gnu11;
				GCC_NO_COMMON_BLOCKS = YES;
				GCC_WARN_64_TO_32_BIT_CONVERSION = YES;
				GCC_WARN_ABOUT_RETURN_TYPE = YES_ERROR;
				GCC_WARN_UNDECLARED_SELECTOR = YES;
				GCC_WARN_UNINITIALIZED_AUTOS = YES_AGGRESSIVE;
				GCC_WARN_UNUSED_FUNCTION = YES;
				GCC_WARN_UNUSED_VARIABLE = YES;
				IPHONEOS_DEPLOYMENT_TARGET = 12.1;
				MTL_ENABLE_DEBUG_INFO = NO;
				MTL_FAST_MATH = YES;
				SDKROOT = iphoneos;
				SWIFT_COMPILATION_MODE = wholemodule;
				SWIFT_OPTIMIZATION_LEVEL = "-O";
				VALIDATE_PRODUCT = YES;
			};
			name = Release;
		};
		F322CAC221D372800051E9F1 /* Debug */ = {
			isa = XCBuildConfiguration;
			buildSettings = {
				ASSETCATALOG_COMPILER_APPICON_NAME = AppIcon;
				CODE_SIGN_STYLE = Automatic;
				INFOPLIST_FILE = TodoeyWithRealm/Info.plist;
				LD_RUNPATH_SEARCH_PATHS = (
					"$(inherited)",
					"@executable_path/Frameworks",
				);
				PRODUCT_BUNDLE_IDENTIFIER = com.CBB.TodoeyWithRealm;
				PRODUCT_NAME = "$(TARGET_NAME)";
				SWIFT_VERSION = 4.2;
				TARGETED_DEVICE_FAMILY = "1,2";
			};
			name = Debug;
		};
		F322CAC321D372800051E9F1 /* Release */ = {
			isa = XCBuildConfiguration;
			buildSettings = {
				ASSETCATALOG_COMPILER_APPICON_NAME = AppIcon;
				CODE_SIGN_STYLE = Automatic;
				INFOPLIST_FILE = TodoeyWithRealm/Info.plist;
				LD_RUNPATH_SEARCH_PATHS = (
					"$(inherited)",
					"@executable_path/Frameworks",
				);
				PRODUCT_BUNDLE_IDENTIFIER = com.CBB.TodoeyWithRealm;
				PRODUCT_NAME = "$(TARGET_NAME)";
				SWIFT_VERSION = 4.2;
				TARGETED_DEVICE_FAMILY = "1,2";
			};
			name = Release;
		};
/* End XCBuildConfiguration section */

/* Begin XCConfigurationList section */
		F322CAAA21D3727D0051E9F1 /* Build configuration list for PBXProject "TodoeyWithRealm" */ = {
			isa = XCConfigurationList;
			buildConfigurations = (
				F322CABF21D372800051E9F1 /* Debug */,
				F322CAC021D372800051E9F1 /* Release */,
			);
			defaultConfigurationIsVisible = 0;
			defaultConfigurationName = Release;
		};
		F322CAC121D372800051E9F1 /* Build configuration list for PBXNativeTarget "TodoeyWithRealm" */ = {
			isa = XCConfigurationList;
			buildConfigurations = (
				F322CAC221D372800051E9F1 /* Debug */,
				F322CAC321D372800051E9F1 /* Release */,
			);
			defaultConfigurationIsVisible = 0;
			defaultConfigurationName = Release;
		};
/* End XCConfigurationList section */

/* Begin XCVersionGroup section */
		F322CACD21D37E990051E9F1 /* DataModel.xcdatamodeld */ = {
			isa = XCVersionGroup;
			children = (
				F322CACE21D37E990051E9F1 /* DataModel.xcdatamodel */,
			);
			currentVersion = F322CACE21D37E990051E9F1 /* DataModel.xcdatamodel */;
			path = DataModel.xcdatamodeld;
			sourceTree = "<group>";
			versionGroupType = wrapper.xcdatamodel;
		};
/* End XCVersionGroup section */
	};
	rootObject = F322CAA721D3727D0051E9F1 /* Project object */;
}
